
Microsoft Visual Studio Solution File, Format Version 12.00
# Visual Studio 15
Project("{FAE04EC0-301F-11D3-BF4B-00C04F79EFBC}") = "AGXUnity", "AGXUnity.csproj", "{4A2EA3D5-BAEF-40A3-B199-20AEB00AEA1A}"
EndProject
Project("{FAE04EC0-301F-11D3-BF4B-00C04F79EFBC}") = "AGXUnityEditor", "AGXUnityEditor.csproj", "{C40D1CAF-AA7A-7ED9-F705-47F3466FEEC2}"
EndProject
Project("{FAE04EC0-301F-11D3-BF4B-00C04F79EFBC}") = "ExcavatorE85", "ExcavatorE85.csproj", "{F9EA1C4C-923B-5A85-A95D-FB15B7324E2C}"
EndProject
Project("{FAE04EC0-301F-11D3-BF4B-00C04F79EFBC}") = "Assembly-CSharp", "Assembly-CSharp.csproj", "{A8CFA28D-2A68-0B97-AD60-CEB3A5A49CA1}"
EndProject
Project("{FAE04EC0-301F-11D3-BF4B-00C04F79EFBC}") = "AGXUnityUpdateHandler", "AGXUnityUpdateHandler.csproj", "{D433E262-2005-3FFD-DF12-45B3F18466A2}"
EndProject
Project("{FAE04EC0-301F-11D3-BF4B-00C04F79EFBC}") = "Assembly-CSharp-Editor", "Assembly-CSharp-Editor.csproj", "{31C65CA7-D615-13C9-8A57-680FB7ED4CB2}"
EndProject
Global
	GlobalSection(SolutionConfigurationPlatforms) = preSolution
		Debug|Any CPU = Debug|Any CPU
		Release|Any CPU = Release|Any CPU
	EndGlobalSection
	GlobalSection(ProjectConfigurationPlatforms) = postSolution
		{4A2EA3D5-BAEF-40A3-B199-20AEB00AEA1A}.Debug|Any CPU.ActiveCfg = Debug|Any CPU
		{4A2EA3D5-BAEF-40A3-B199-20AEB00AEA1A}.Debug|Any CPU.Build.0 = Debug|Any CPU
		{4A2EA3D5-BAEF-40A3-B199-20AEB00AEA1A}.Release|Any CPU.ActiveCfg = Release|Any CPU
		{4A2EA3D5-BAEF-40A3-B199-20AEB00AEA1A}.Release|Any CPU.Build.0 = Release|Any CPU
		{C40D1CAF-AA7A-7ED9-F705-47F3466FEEC2}.Debug|Any CPU.ActiveCfg = Debug|Any CPU
		{C40D1CAF-AA7A-7ED9-F705-47F3466FEEC2}.Debug|Any CPU.Build.0 = Debug|Any CPU
		{C40D1CAF-AA7A-7ED9-F705-47F3466FEEC2}.Release|Any CPU.ActiveCfg = Release|Any CPU
		{C40D1CAF-AA7A-7ED9-F705-47F3466FEEC2}.Release|Any CPU.Build.0 = Release|Any CPU
		{F9EA1C4C-923B-5A85-A95D-FB15B7324E2C}.Debug|Any CPU.ActiveCfg = Debug|Any CPU
		{F9EA1C4C-923B-5A85-A95D-FB15B7324E2C}.Debug|Any CPU.Build.0 = Debug|Any CPU
		{F9EA1C4C-923B-5A85-A95D-FB15B7324E2C}.Release|Any CPU.ActiveCfg = Release|Any CPU
		{F9EA1C4C-923B-5A85-A95D-FB15B7324E2C}.Release|Any CPU.Build.0 = Release|Any CPU
		{A8CFA28D-2A68-0B97-AD60-CEB3A5A49CA1}.Debug|Any CPU.ActiveCfg = Debug|Any CPU
		{A8CFA28D-2A68-0B97-AD60-CEB3A5A49CA1}.Debug|Any CPU.Build.0 = Debug|Any CPU
		{A8CFA28D-2A68-0B97-AD60-CEB3A5A49CA1}.Release|Any CPU.ActiveCfg = Release|Any CPU
		{A8CFA28D-2A68-0B97-AD60-CEB3A5A49CA1}.Release|Any CPU.Build.0 = Release|Any CPU
		{D433E262-2005-3FFD-DF12-45B3F18466A2}.Debug|Any CPU.ActiveCfg = Debug|Any CPU
		{D433E262-2005-3FFD-DF12-45B3F18466A2}.Debug|Any CPU.Build.0 = Debug|Any CPU
		{D433E262-2005-3FFD-DF12-45B3F18466A2}.Release|Any CPU.ActiveCfg = Release|Any CPU
		{D433E262-2005-3FFD-DF12-45B3F18466A2}.Release|Any CPU.Build.0 = Release|Any CPU
		{31C65CA7-D615-13C9-8A57-680FB7ED4CB2}.Debug|Any CPU.ActiveCfg = Debug|Any CPU
		{31C65CA7-D615-13C9-8A57-680FB7ED4CB2}.Debug|Any CPU.Build.0 = Debug|Any CPU
		{31C65CA7-D615-13C9-8A57-680FB7ED4CB2}.Release|Any CPU.ActiveCfg = Release|Any CPU
		{31C65CA7-D615-13C9-8A57-680FB7ED4CB2}.Release|Any CPU.Build.0 = Release|Any CPU
	EndGlobalSection
	GlobalSection(SolutionProperties) = preSolution
		HideSolutionNode = FALSE
	EndGlobalSection
EndGlobal
